
Microsoft Visual Studio Solution File, Format Version 12.00
# Visual Studio Version 16
VisualStudioVersion = 16.0.32126.315
MinimumVisualStudioVersion = 10.0.40219.1
Project("{FAE04EC0-301F-11D3-BF4B-00C04F79EFBC}") = "Array_1st_Last_Print", "Array_1st_Last_Print\Array_1st_Last_Print.csproj", "{EBE4B8EF-F9EB-4766-9413-884DFF387C63}"
EndProject
Global
	GlobalSection(SolutionConfigurationPlatforms) = preSolution
		Debug|Any CPU = Debug|Any CPU
		Release|Any CPU = Release|Any CPU
	EndGlobalSection
	GlobalSection(ProjectConfigurationPlatforms) = postSolution
		{EBE4B8EF-F9EB-4766-9413-884DFF387C63}.Debug|Any CPU.ActiveCfg = Debug|Any CPU
		{EBE4B8EF-F9EB-4766-9413-884DFF387C63}.Debug|Any CPU.Build.0 = Debug|Any CPU
		{EBE4B8EF-F9EB-4766-9413-884DFF387C63}.Release|Any CPU.ActiveCfg = Release|Any CPU
		{EBE4B8EF-F9EB-4766-9413-884DFF387C63}.Release|Any CPU.Build.0 = Release|Any CPU
	EndGlobalSection
	GlobalSection(SolutionProperties) = preSolution
		HideSolutionNode = FALSE
	EndGlobalSection
	GlobalSection(ExtensibilityGlobals) = postSolution
		SolutionGuid = {8756009C-EEFD-48E0-B789-7043E1B13FFA}
	EndGlobalSection
EndGlobal
